
Microsoft Visual Studio Solution File, Format Version 12.00
# Visual Studio Version 16
VisualStudioVersion = 16.0.30621.155
MinimumVisualStudioVersion = 10.0.40219.1
Project("{FAE04EC0-301F-11D3-BF4B-00C04F79EFBC}") = "Matrix", "Matrix\Matrix.csproj", "{C55397B1-36AF-4191-BB25-B8620767664D}"
EndProject
Global
	GlobalSection(SolutionConfigurationPlatforms) = preSolution
		Debug|Any CPU = Debug|Any CPU
		Release|Any CPU = Release|Any CPU
	EndGlobalSection
	GlobalSection(ProjectConfigurationPlatforms) = postSolution
		{C55397B1-36AF-4191-BB25-B8620767664D}.Debug|Any CPU.ActiveCfg = Debug|Any CPU
		{C55397B1-36AF-4191-BB25-B8620767664D}.Debug|Any CPU.Build.0 = Debug|Any CPU
		{C55397B1-36AF-4191-BB25-B8620767664D}.Release|Any CPU.ActiveCfg = Release|Any CPU
		{C55397B1-36AF-4191-BB25-B8620767664D}.Release|Any CPU.Build.0 = Release|Any CPU
	EndGlobalSection
	GlobalSection(SolutionProperties) = preSolution
		HideSolutionNode = FALSE
	EndGlobalSection
	GlobalSection(ExtensibilityGlobals) = postSolution
		SolutionGuid = {4750B207-77A1-4865-A7A7-6DF30C3B09E2}
	EndGlobalSection
EndGlobal
