
Microsoft Visual Studio Solution File, Format Version 12.00
# Visual Studio Version 16
VisualStudioVersion = 16.0.30621.155
MinimumVisualStudioVersion = 10.0.40219.1
Project("{FAE04EC0-301F-11D3-BF4B-00C04F79EFBC}") = "Calculator", "Calculator\Calculator.csproj", "{55219BAD-BA24-490E-904D-A4DCA08CC088}"
EndProject
Global
	GlobalSection(SolutionConfigurationPlatforms) = preSolution
		Debug|Any CPU = Debug|Any CPU
		Release|Any CPU = Release|Any CPU
	EndGlobalSection
	GlobalSection(ProjectConfigurationPlatforms) = postSolution
		{55219BAD-BA24-490E-904D-A4DCA08CC088}.Debug|Any CPU.ActiveCfg = Debug|Any CPU
		{55219BAD-BA24-490E-904D-A4DCA08CC088}.Debug|Any CPU.Build.0 = Debug|Any CPU
		{55219BAD-BA24-490E-904D-A4DCA08CC088}.Release|Any CPU.ActiveCfg = Release|Any CPU
		{55219BAD-BA24-490E-904D-A4DCA08CC088}.Release|Any CPU.Build.0 = Release|Any CPU
	EndGlobalSection
	GlobalSection(SolutionProperties) = preSolution
		HideSolutionNode = FALSE
	EndGlobalSection
	GlobalSection(ExtensibilityGlobals) = postSolution
		SolutionGuid = {340011B6-9308-402D-9B71-C80F70BD9F00}
	EndGlobalSection
EndGlobal
